
Microsoft Visual Studio Solution File, Format Version 12.00
Project("{FAE04EC0-301F-11D3-BF4B-00C04F79EFBC}") = "SoftwareEngineering2", "SoftwareEngineering2\SoftwareEngineering2.csproj", "{057BE41B-EC5B-462E-8B2E-071E9FCDE293}"
EndProject
Project("{FAE04EC0-301F-11D3-BF4B-00C04F79EFBC}") = "SoftwareEngineering2Test", "SoftwareEngineering2Test\SoftwareEngineering2Test.csproj", "{09A93441-B58A-43EC-BFA0-438BC257241A}"
EndProject
Global
	GlobalSection(SolutionConfigurationPlatforms) = preSolution
		Debug|Any CPU = Debug|Any CPU
		Release|Any CPU = Release|Any CPU
	EndGlobalSection
	GlobalSection(ProjectConfigurationPlatforms) = postSolution
		{057BE41B-EC5B-462E-8B2E-071E9FCDE293}.Debug|Any CPU.ActiveCfg = Debug|Any CPU
		{057BE41B-EC5B-462E-8B2E-071E9FCDE293}.Debug|Any CPU.Build.0 = Debug|Any CPU
		{057BE41B-EC5B-462E-8B2E-071E9FCDE293}.Release|Any CPU.ActiveCfg = Release|Any CPU
		{057BE41B-EC5B-462E-8B2E-071E9FCDE293}.Release|Any CPU.Build.0 = Release|Any CPU
		{09A93441-B58A-43EC-BFA0-438BC257241A}.Debug|Any CPU.ActiveCfg = Debug|Any CPU
		{09A93441-B58A-43EC-BFA0-438BC257241A}.Debug|Any CPU.Build.0 = Debug|Any CPU
		{09A93441-B58A-43EC-BFA0-438BC257241A}.Release|Any CPU.ActiveCfg = Release|Any CPU
		{09A93441-B58A-43EC-BFA0-438BC257241A}.Release|Any CPU.Build.0 = Release|Any CPU
	EndGlobalSection
EndGlobal
